{
  "name": "@kmamal/find-up",
  "version": "0.0.0",
  "lockfileVersion": 3,
  "requires": true,
  "packages": {
    "": {
      "name": "@kmamal/find-up",
      "version": "0.0.0",
      "license": "MIT",
      "dependencies": {
        "@kmamal/exists": "^0.0.1"
      }
    },
    "node_modules/@kmamal/exists": {
      "version": "0.0.1",
      "resolved": "https://registry.npmjs.org/@kmamal/exists/-/exists-0.0.1.tgz",
      "integrity": "sha512-RpRqBH2xjrPnPBa6AGH3NBf+Uh41X4JiQq01IWQx7bQR/KalqWrbU7EBmFIdFII69Z392vflGt6N6uy2jnpb+A=="
    }
  }
}
